// !$*UTF8*$!
{
	archiveVersion = 1;
	classes = {
	};
	objectVersion = 50;
	objects = {

/* Begin PBXBuildFile section */
		213B1EA9237E158700F27640 /* AppDelegate.swift in Sources */ = {isa = PBXBuildFile; fileRef = 213B1EA8237E158700F27640 /* AppDelegate.swift */; };
		213B1EAB237E158700F27640 /* SceneDelegate.swift in Sources */ = {isa = PBXBuildFile; fileRef = 213B1EAA237E158700F27640 /* SceneDelegate.swift */; };
		213B1EB0237E158700F27640 /* Main.storyboard in Resources */ = {isa = PBXBuildFile; fileRef = 213B1EAE237E158700F27640 /* Main.storyboard */; };
		213B1EB2237E158A00F27640 /* Assets.xcassets in Resources */ = {isa = PBXBuildFile; fileRef = 213B1EB1237E158A00F27640 /* Assets.xcassets */; };
		213B1EB5237E158A00F27640 /* LaunchScreen.storyboard in Resources */ = {isa = PBXBuildFile; fileRef = 213B1EB3237E158A00F27640 /* LaunchScreen.storyboard */; };
		213B1EBD237E173500F27640 /* MainScreenCollectionViewController.swift in Sources */ = {isa = PBXBuildFile; fileRef = 213B1EBC237E173500F27640 /* MainScreenCollectionViewController.swift */; };
		213B1EBF237E185700F27640 /* StoryCollectionViewCell.swift in Sources */ = {isa = PBXBuildFile; fileRef = 213B1EBE237E185700F27640 /* StoryCollectionViewCell.swift */; };
		218B3095237E7FE500E79C7C /* ArticleDetailViewController.swift in Sources */ = {isa = PBXBuildFile; fileRef = 218B3094237E7FE500E79C7C /* ArticleDetailViewController.swift */; };
		218B3097237E808800E79C7C /* NewsArticle.swift in Sources */ = {isa = PBXBuildFile; fileRef = 218B3096237E808800E79C7C /* NewsArticle.swift */; };
		A15AF72C01823A8178955C05 /* Pods_cbc.framework in Frameworks */ = {isa = PBXBuildFile; fileRef = 3C5D371C2FE1D18C69E8E7FC /* Pods_cbc.framework */; };
/* End PBXBuildFile section */

/* Begin PBXFileReference section */
		213B1EA5237E158700F27640 /* cbc.app */ = {isa = PBXFileReference; explicitFileType = wrapper.application; includeInIndex = 0; path = cbc.app; sourceTree = BUILT_PRODUCTS_DIR; };
		213B1EA8237E158700F27640 /* AppDelegate.swift */ = {isa = PBXFileReference; lastKnownFileType = sourcecode.swift; path = AppDelegate.swift; sourceTree = "<group>"; };
		213B1EAA237E158700F27640 /* SceneDelegate.swift */ = {isa = PBXFileReference; lastKnownFileType = sourcecode.swift; path = SceneDelegate.swift; sourceTree = "<group>"; };
		213B1EAF237E158700F27640 /* Base */ = {isa = PBXFileReference; lastKnownFileType = file.storyboard; name = Base; path = Base.lproj/Main.storyboard; sourceTree = "<group>"; };
		213B1EB1237E158A00F27640 /* Assets.xcassets */ = {isa = PBXFileReference; lastKnownFileType = folder.assetcatalog; path = Assets.xcassets; sourceTree = "<group>"; };
		213B1EB4237E158A00F27640 /* Base */ = {isa = PBXFileReference; lastKnownFileType = file.storyboard; name = Base; path = Base.lproj/LaunchScreen.storyboard; sourceTree = "<group>"; };
		213B1EB6237E158A00F27640 /* Info.plist */ = {isa = PBXFileReference; lastKnownFileType = text.plist.xml; path = Info.plist; sourceTree = "<group>"; };
		213B1EBC237E173500F27640 /* MainScreenCollectionViewController.swift */ = {isa = PBXFileReference; lastKnownFileType = sourcecode.swift; path = MainScreenCollectionViewController.swift; sourceTree = "<group>"; };
		213B1EBE237E185700F27640 /* StoryCollectionViewCell.swift */ = {isa = PBXFileReference; lastKnownFileType = sourcecode.swift; path = StoryCollectionViewCell.swift; sourceTree = "<group>"; };
		218B3094237E7FE500E79C7C /* ArticleDetailViewController.swift */ = {isa = PBXFileReference; lastKnownFileType = sourcecode.swift; path = ArticleDetailViewController.swift; sourceTree = "<group>"; };
		218B3096237E808800E79C7C /* NewsArticle.swift */ = {isa = PBXFileReference; lastKnownFileType = sourcecode.swift; path = NewsArticle.swift; sourceTree = "<group>"; };
		3C5D371C2FE1D18C69E8E7FC /* Pods_cbc.framework */ = {isa = PBXFileReference; explicitFileType = wrapper.framework; includeInIndex = 0; path = Pods_cbc.framework; sourceTree = BUILT_PRODUCTS_DIR; };
		9BBDA76DFD24EAABBA21A3C5 /* Pods-cbc.debug.xcconfig */ = {isa = PBXFileReference; includeInIndex = 1; lastKnownFileType = text.xcconfig; name = "Pods-cbc.debug.xcconfig"; path = "Target Support Files/Pods-cbc/Pods-cbc.debug.xcconfig"; sourceTree = "<group>"; };
		9C0BE7D755C98F64FE577075 /* Pods-cbc.release.xcconfig */ = {isa = PBXFileReference; includeInIndex = 1; lastKnownFileType = text.xcconfig; name = "Pods-cbc.release.xcconfig"; path = "Target Support Files/Pods-cbc/Pods-cbc.release.xcconfig"; sourceTree = "<group>"; };
/* End PBXFileReference section */

/* Begin PBXFrameworksBuildPhase section */
		213B1EA2237E158700F27640 /* Frameworks */ = {
			isa = PBXFrameworksBuildPhase;
			buildActionMask = 2147483647;
			files = (
				A15AF72C01823A8178955C05 /* Pods_cbc.framework in Frameworks */,
			);
			runOnlyForDeploymentPostprocessing = 0;
		};
/* End PBXFrameworksBuildPhase section */

/* Begin PBXGroup section */
		213B1E9C237E158700F27640 = {
			isa = PBXGroup;
			children = (
				213B1EA7237E158700F27640 /* cbc */,
				213B1EA6237E158700F27640 /* Products */,
				D443EA818D01C70FD3C174BD /* Pods */,
				9F399C0E8B670AAE66A142CE /* Frameworks */,
			);
			sourceTree = "<group>";
		};
		213B1EA6237E158700F27640 /* Products */ = {
			isa = PBXGroup;
			children = (
				213B1EA5237E158700F27640 /* cbc.app */,
			);
			name = Products;
			sourceTree = "<group>";
		};
		213B1EA7237E158700F27640 /* cbc */ = {
			isa = PBXGroup;
			children = (
				213B1EA8237E158700F27640 /* AppDelegate.swift */,
				213B1EAA237E158700F27640 /* SceneDelegate.swift */,
				213B1EAE237E158700F27640 /* Main.storyboard */,
				218B3096237E808800E79C7C /* NewsArticle.swift */,
				213B1EBC237E173500F27640 /* MainScreenCollectionViewController.swift */,
				218B3094237E7FE500E79C7C /* ArticleDetailViewController.swift */,
				213B1EBE237E185700F27640 /* StoryCollectionViewCell.swift */,
				213B1EB1237E158A00F27640 /* Assets.xcassets */,
				213B1EB3237E158A00F27640 /* LaunchScreen.storyboard */,
				213B1EB6237E158A00F27640 /* Info.plist */,
			);
			path = cbc;
			sourceTree = "<group>";
		};
		9F399C0E8B670AAE66A142CE /* Frameworks */ = {
			isa = PBXGroup;
			children = (
				3C5D371C2FE1D18C69E8E7FC /* Pods_cbc.framework */,
			);
			name = Frameworks;
			sourceTree = "<group>";
		};
		D443EA818D01C70FD3C174BD /* Pods */ = {
			isa = PBXGroup;
			children = (
				9BBDA76DFD24EAABBA21A3C5 /* Pods-cbc.debug.xcconfig */,
				9C0BE7D755C98F64FE577075 /* Pods-cbc.release.xcconfig */,
			);
			name = Pods;
			path = Pods;
			sourceTree = "<group>";
		};
/* End PBXGroup section */

/* Begin PBXNativeTarget section */
		213B1EA4237E158700F27640 /* cbc */ = {
			isa = PBXNativeTarget;
			buildConfigurationList = 213B1EB9237E158A00F27640 /* Build configuration list for PBXNativeTarget "cbc" */;
			buildPhases = (
				830CD87BD05E4FFD1DBBD436 /* [CP] Check Pods Manifest.lock */,
				213B1EA1237E158700F27640 /* Sources */,
				213B1EA2237E158700F27640 /* Frameworks */,
				213B1EA3237E158700F27640 /* Resources */,
				B759F0C7619BABC4EBB68F12 /* [CP] Embed Pods Frameworks */,
			);
			buildRules = (
			);
			dependencies = (
			);
			name = cbc;
			productName = cbc;
			productReference = 213B1EA5237E158700F27640 /* cbc.app */;
			productType = "com.apple.product-type.application";
		};
/* End PBXNativeTarget section */

/* Begin PBXProject section */
		213B1E9D237E158700F27640 /* Project object */ = {
			isa = PBXProject;
			attributes = {
				LastSwiftUpdateCheck = 1110;
				LastUpgradeCheck = 1110;
				ORGANIZATIONNAME = "Will Chew";
				TargetAttributes = {
					213B1EA4237E158700F27640 = {
						CreatedOnToolsVersion = 11.1;
					};
				};
			};
			buildConfigurationList = 213B1EA0237E158700F27640 /* Build configuration list for PBXProject "cbc" */;
			compatibilityVersion = "Xcode 9.3";
			developmentRegion = en;
			hasScannedForEncodings = 0;
			knownRegions = (
				en,
				Base,
			);
			mainGroup = 213B1E9C237E158700F27640;
			productRefGroup = 213B1EA6237E158700F27640 /* Products */;
			projectDirPath = "";
			projectRoot = "";
			targets = (
				213B1EA4237E158700F27640 /* cbc */,
			);
		};
/* End PBXProject section */

/* Begin PBXResourcesBuildPhase section */
		213B1EA3237E158700F27640 /* Resources */ = {
			isa = PBXResourcesBuildPhase;
			buildActionMask = 2147483647;
			files = (
				213B1EB5237E158A00F27640 /* LaunchScreen.storyboard in Resources */,
				213B1EB2237E158A00F27640 /* Assets.xcassets in Resources */,
				213B1EB0237E158700F27640 /* Main.storyboard in Resources */,
			);
			runOnlyForDeploymentPostprocessing = 0;
		};
/* End PBXResourcesBuildPhase section */

/* Begin PBXShellScriptBuildPhase section */
		830CD87BD05E4FFD1DBBD436 /* [CP] Check Pods Manifest.lock */ = {
			isa = PBXShellScriptBuildPhase;
			buildActionMask = 2147483647;
			files = (
			);
			inputFileListPaths = (
			);
			inputPaths = (
				"${PODS_PODFILE_DIR_PATH}/Podfile.lock",
				"${PODS_ROOT}/Manifest.lock",
			);
			name = "[CP] Check Pods Manifest.lock";
			outputFileListPaths = (
			);
			outputPaths = (
				"$(DERIVED_FILE_DIR)/Pods-cbc-checkManifestLockResult.txt",
			);
			runOnlyForDeploymentPostprocessing = 0;
			shellPath = /bin/sh;
			shellScript = "diff \"${PODS_PODFILE_DIR_PATH}/Podfile.lock\" \"${PODS_ROOT}/Manifest.lock\" > /dev/null\nif [ $? != 0 ] ; then\n    # print error to STDERR\n    echo \"error: The sandbox is not in sync with the Podfile.lock. Run 'pod install' or update your CocoaPods installation.\" >&2\n    exit 1\nfi\n# This output is used by Xcode 'outputs' to avoid re-running this script phase.\necho \"SUCCESS\" > \"${SCRIPT_OUTPUT_FILE_0}\"\n";
			showEnvVarsInLog = 0;
		};
		B759F0C7619BABC4EBB68F12 /* [CP] Embed Pods Frameworks */ = {
			isa = PBXShellScriptBuildPhase;
			buildActionMask = 2147483647;
			files = (
			);
			inputFileListPaths = (
				"${PODS_ROOT}/Target Support Files/Pods-cbc/Pods-cbc-frameworks-${CONFIGURATION}-input-files.xcfilelist",
			);
			name = "[CP] Embed Pods Frameworks";
			outputFileListPaths = (
				"${PODS_ROOT}/Target Support Files/Pods-cbc/Pods-cbc-frameworks-${CONFIGURATION}-output-files.xcfilelist",
			);
			runOnlyForDeploymentPostprocessing = 0;
			shellPath = /bin/sh;
			shellScript = "\"${PODS_ROOT}/Target Support Files/Pods-cbc/Pods-cbc-frameworks.sh\"\n";
			showEnvVarsInLog = 0;
		};
/* End PBXShellScriptBuildPhase section */

/* Begin PBXSourcesBuildPhase section */
		213B1EA1237E158700F27640 /* Sources */ = {
			isa = PBXSourcesBuildPhase;
			buildActionMask = 2147483647;
			files = (
				213B1EBF237E185700F27640 /* StoryCollectionViewCell.swift in Sources */,
				218B3097237E808800E79C7C /* NewsArticle.swift in Sources */,
				213B1EA9237E158700F27640 /* AppDelegate.swift in Sources */,
				213B1EBD237E173500F27640 /* MainScreenCollectionViewController.swift in Sources */,
				213B1EAB237E158700F27640 /* SceneDelegate.swift in Sources */,
				218B3095237E7FE500E79C7C /* ArticleDetailViewController.swift in Sources */,
			);
			runOnlyForDeploymentPostprocessing = 0;
		};
/* End PBXSourcesBuildPhase section */

/* Begin PBXVariantGroup section */
		213B1EAE237E158700F27640 /* Main.storyboard */ = {
			isa = PBXVariantGroup;
			children = (
				213B1EAF237E158700F27640 /* Base */,
			);
			name = Main.storyboard;
			sourceTree = "<group>";
		};
		213B1EB3237E158A00F27640 /* LaunchScreen.storyboard */ = {
			isa = PBXVariantGroup;
			children = (
				213B1EB4237E158A00F27640 /* Base */,
			);
			name = LaunchScreen.storyboard;
			sourceTree = "<group>";
		};
/* End PBXVariantGroup section */

/* Begin XCBuildConfiguration section */
		213B1EB7237E158A00F27640 /* Debug */ = {
			isa = XCBuildConfiguration;
			buildSettings = {
				ALWAYS_SEARCH_USER_PATHS = NO;
				CLANG_ANALYZER_NONNULL = YES;
				CLANG_ANALYZER_NUMBER_OBJECT_CONVERSION = YES_AGGRESSIVE;
				CLANG_CXX_LANGUAGE_STANDARD = "gnu++14";
				CLANG_CXX_LIBRARY = "libc++";
				CLANG_ENABLE_MODULES = YES;
				CLANG_ENABLE_OBJC_ARC = YES;
				CLANG_ENABLE_OBJC_WEAK = YES;
				CLANG_WARN_BLOCK_CAPTURE_AUTORELEASING = YES;
				CLANG_WARN_BOOL_CONVERSION = YES;
				CLANG_WARN_COMMA = YES;
				CLANG_WARN_CONSTANT_CONVERSION = YES;
				CLANG_WARN_DEPRECATED_OBJC_IMPLEMENTATIONS = YES;
				CLANG_WARN_DIRECT_OBJC_ISA_USAGE = YES_ERROR;
				CLANG_WARN_DOCUMENTATION_COMMENTS = YES;
				CLANG_WARN_EMPTY_BODY = YES;
				CLANG_WARN_ENUM_CONVERSION = YES;
				CLANG_WARN_INFINITE_RECURSION = YES;
				CLANG_WARN_INT_CONVERSION = YES;
				CLANG_WARN_NON_LITERAL_NULL_CONVERSION = YES;
				CLANG_WARN_OBJC_IMPLICIT_RETAIN_SELF = YES;
				CLANG_WARN_OBJC_LITERAL_CONVERSION = YES;
				CLANG_WARN_OBJC_ROOT_CLASS = YES_ERROR;
				CLANG_WARN_RANGE_LOOP_ANALYSIS = YES;
				CLANG_WARN_STRICT_PROTOTYPES = YES;
				CLANG_WARN_SUSPICIOUS_MOVE = YES;
				CLANG_WARN_UNGUARDED_AVAILABILITY = YES_AGGRESSIVE;
				CLANG_WARN_UNREACHABLE_CODE = YES;
				CLANG_WARN__DUPLICATE_METHOD_MATCH = YES;
				COPY_PHASE_STRIP = NO;
				DEBUG_INFORMATION_FORMAT = dwarf;
				ENABLE_STRICT_OBJC_MSGSEND = YES;
				ENABLE_TESTABILITY = YES;
				GCC_C_LANGUAGE_STANDARD = gnu11;
				GCC_DYNAMIC_NO_PIC = NO;
				GCC_NO_COMMON_BLOCKS = YES;
				GCC_OPTIMIZATION_LEVEL = 0;
				GCC_PREPROCESSOR_DEFINITIONS = (
					"DEBUG=1",
					"$(inherited)",
				);
				GCC_WARN_64_TO_32_BIT_CONVERSION = YES;
				GCC_WARN_ABOUT_RETURN_TYPE = YES_ERROR;
				GCC_WARN_UNDECLARED_SELECTOR = YES;
				GCC_WARN_UNINITIALIZED_AUTOS = YES_AGGRESSIVE;
				GCC_WARN_UNUSED_FUNCTION = YES;
				GCC_WARN_UNUSED_VARIABLE = YES;
				IPHONEOS_DEPLOYMENT_TARGET = 13.1;
				MTL_ENABLE_DEBUG_INFO = INCLUDE_SOURCE;
				MTL_FAST_MATH = YES;
				ONLY_ACTIVE_ARCH = YES;
				SDKROOT = iphoneos;
				SWIFT_ACTIVE_COMPILATION_CONDITIONS = DEBUG;
				SWIFT_OPTIMIZATION_LEVEL = "-Onone";
			};
			name = Debug;
		};
		213B1EB8237E158A00F27640 /* Release */ = {
			isa = XCBuildConfiguration;
			buildSettings = {
				ALWAYS_SEARCH_USER_PATHS = NO;
				CLANG_ANALYZER_NONNULL = YES;
				CLANG_ANALYZER_NUMBER_OBJECT_CONVERSION = YES_AGGRESSIVE;
				CLANG_CXX_LANGUAGE_STANDARD = "gnu++14";
				CLANG_CXX_LIBRARY = "libc++";
				CLANG_ENABLE_MODULES = YES;
				CLANG_ENABLE_OBJC_ARC = YES;
				CLANG_ENABLE_OBJC_WEAK = YES;
				CLANG_WARN_BLOCK_CAPTURE_AUTORELEASING = YES;
				CLANG_WARN_BOOL_CONVERSION = YES;
				CLANG_WARN_COMMA = YES;
				CLANG_WARN_CONSTANT_CONVERSION = YES;
				CLANG_WARN_DEPRECATED_OBJC_IMPLEMENTATIONS = YES;
				CLANG_WARN_DIRECT_OBJC_ISA_USAGE = YES_ERROR;
				CLANG_WARN_DOCUMENTATION_COMMENTS = YES;
				CLANG_WARN_EMPTY_BODY = YES;
				CLANG_WARN_ENUM_CONVERSION = YES;
				CLANG_WARN_INFINITE_RECURSION = YES;
				CLANG_WARN_INT_CONVERSION = YES;
				CLANG_WARN_NON_LITERAL_NULL_CONVERSION = YES;
				CLANG_WARN_OBJC_IMPLICIT_RETAIN_SELF = YES;
				CLANG_WARN_OBJC_LITERAL_CONVERSION = YES;
				CLANG_WARN_OBJC_ROOT_CLASS = YES_ERROR;
				CLANG_WARN_RANGE_LOOP_ANALYSIS = YES;
				CLANG_WARN_STRICT_PROTOTYPES = YES;
				CLANG_WARN_SUSPICIOUS_MOVE = YES;
				CLANG_WARN_UNGUARDED_AVAILABILITY = YES_AGGRESSIVE;
				CLANG_WARN_UNREACHABLE_CODE = YES;
				CLANG_WARN__DUPLICATE_METHOD_MATCH = YES;
				COPY_PHASE_STRIP = NO;
				DEBUG_INFORMATION_FORMAT = "dwarf-with-dsym";
				ENABLE_NS_ASSERTIONS = NO;
				ENABLE_STRICT_OBJC_MSGSEND = YES;
				GCC_C_LANGUAGE_STANDARD = gnu11;
				GCC_NO_COMMON_BLOCKS = YES;
				GCC_WARN_64_TO_32_BIT_CONVERSION = YES;
				GCC_WARN_ABOUT_RETURN_TYPE = YES_ERROR;
				GCC_WARN_UNDECLARED_SELECTOR = YES;
				GCC_WARN_UNINITIALIZED_AUTOS = YES_AGGRESSIVE;
				GCC_WARN_UNUSED_FUNCTION = YES;
				GCC_WARN_UNUSED_VARIABLE = YES;
				IPHONEOS_DEPLOYMENT_TARGET = 13.1;
				MTL_ENABLE_DEBUG_INFO = NO;
				MTL_FAST_MATH = YES;
				SDKROOT = iphoneos;
				SWIFT_COMPILATION_MODE = wholemodule;
				SWIFT_OPTIMIZATION_LEVEL = "-O";
				VALIDATE_PRODUCT = YES;
			};
			name = Release;
		};
		213B1EBA237E158A00F27640 /* Debug */ = {
			isa = XCBuildConfiguration;
			baseConfigurationReference = 9BBDA76DFD24EAABBA21A3C5 /* Pods-cbc.debug.xcconfig */;
			buildSettings = {
				ASSETCATALOG_COMPILER_APPICON_NAME = AppIcon;
				CODE_SIGN_STYLE = Automatic;
				DEVELOPMENT_TEAM = 475GYSBZB3;
				INFOPLIST_FILE = cbc/Info.plist;
				LD_RUNPATH_SEARCH_PATHS = (
					"$(inherited)",
					"@executable_path/Frameworks",
				);
				PRODUCT_BUNDLE_IDENTIFIER = com.williamchew.cbc;
				PRODUCT_NAME = "$(TARGET_NAME)";
				SWIFT_VERSION = 5.0;
				TARGETED_DEVICE_FAMILY = "1,2";
			};
			name = Debug;
		};
		213B1EBB237E158A00F27640 /* Release */ = {
			isa = XCBuildConfiguration;
			baseConfigurationReference = 9C0BE7D755C98F64FE577075 /* Pods-cbc.release.xcconfig */;
			buildSettings = {
				ASSETCATALOG_COMPILER_APPICON_NAME = AppIcon;
				CODE_SIGN_STYLE = Automatic;
				DEVELOPMENT_TEAM = 475GYSBZB3;
				INFOPLIST_FILE = cbc/Info.plist;
				LD_RUNPATH_SEARCH_PATHS = (
					"$(inherited)",
					"@executable_path/Frameworks",
				);
				PRODUCT_BUNDLE_IDENTIFIER = com.williamchew.cbc;
				PRODUCT_NAME = "$(TARGET_NAME)";
				SWIFT_VERSION = 5.0;
				TARGETED_DEVICE_FAMILY = "1,2";
			};
			name = Release;
		};
/* End XCBuildConfiguration section */

/* Begin XCConfigurationList section */
		213B1EA0237E158700F27640 /* Build configuration list for PBXProject "cbc" */ = {
			isa = XCConfigurationList;
			buildConfigurations = (
				213B1EB7237E158A00F27640 /* Debug */,
				213B1EB8237E158A00F27640 /* Release */,
			);
			defaultConfigurationIsVisible = 0;
			defaultConfigurationName = Release;
		};
		213B1EB9237E158A00F27640 /* Build configuration list for PBXNativeTarget "cbc" */ = {
			isa = XCConfigurationList;
			buildConfigurations = (
				213B1EBA237E158A00F27640 /* Debug */,
				213B1EBB237E158A00F27640 /* Release */,
			);
			defaultConfigurationIsVisible = 0;
			defaultConfigurationName = Release;
		};
/* End XCConfigurationList section */
	};
	rootObject = 213B1E9D237E158700F27640 /* Project object */;
}
